// !$*UTF8*$!
{
	archiveVersion = 1;
	classes = {
	};
	objectVersion = 77;
	objects = {

/* Begin PBXBuildFile section */
		037B46BAB48BF5DB4B5B219C /* Pods_iOS_Challenge_iOS_ChallengeUITests.framework in Frameworks */ = {isa = PBXBuildFile; fileRef = C1EA5ECAB723BEF3EA8E4468 /* Pods_iOS_Challenge_iOS_ChallengeUITests.framework */; };
		22D2EE58224A18DE737DB578 /* Pods_iOS_Challenge.framework in Frameworks */ = {isa = PBXBuildFile; fileRef = B30B7362B87F03811082F9EC /* Pods_iOS_Challenge.framework */; };
		A457DA302E38E6DF00C83C7A /* PopularMoviesViewModelTests.swift in Sources */ = {isa = PBXBuildFile; fileRef = A457DA2F2E38E6DF00C83C7A /* PopularMoviesViewModelTests.swift */; };
		A4746D5C2E37BC95007743B3 /* LaunchScreen.storyboard in Resources */ = {isa = PBXBuildFile; fileRef = A4746D512E37BC95007743B3 /* LaunchScreen.storyboard */; };
		A4746D602E37BC97007743B3 /* NowPlayingMoviesViewModelTests.swift in Sources */ = {isa = PBXBuildFile; fileRef = A4746D5E2E37BC97007743B3 /* NowPlayingMoviesViewModelTests.swift */; };
		A4746D642E37BC9A007743B3 /* iOS_ChallengeUITests.swift in Sources */ = {isa = PBXBuildFile; fileRef = A4746D612E37BC9A007743B3 /* iOS_ChallengeUITests.swift */; };
		A4746D652E37BC9A007743B3 /* iOS_ChallengeUITestsLaunchTests.swift in Sources */ = {isa = PBXBuildFile; fileRef = A4746D622E37BC9A007743B3 /* iOS_ChallengeUITestsLaunchTests.swift */; };
		A4746D9C2E37BD75007743B3 /* BaseResponse.swift in Sources */ = {isa = PBXBuildFile; fileRef = A4746D6C2E37BD75007743B3 /* BaseResponse.swift */; };
		A4746D9D2E37BD75007743B3 /* ResponseDecoder.swift in Sources */ = {isa = PBXBuildFile; fileRef = A4746D782E37BD75007743B3 /* ResponseDecoder.swift */; };
		A4746D9E2E37BD75007743B3 /* BaseViewModel.swift in Sources */ = {isa = PBXBuildFile; fileRef = A4746D9A2E37BD75007743B3 /* BaseViewModel.swift */; };
		A4746D9F2E37BD75007743B3 /* UICollectionView.swift in Sources */ = {isa = PBXBuildFile; fileRef = A4746D8F2E37BD75007743B3 /* UICollectionView.swift */; };
		A4746DA02E37BD75007743B3 /* ShadowView.swift in Sources */ = {isa = PBXBuildFile; fileRef = A4746D922E37BD75007743B3 /* ShadowView.swift */; };
		A4746DA12E37BD75007743B3 /* ClassNameProtocol.swift in Sources */ = {isa = PBXBuildFile; fileRef = A4746D972E37BD75007743B3 /* ClassNameProtocol.swift */; };
		A4746DA22E37BD75007743B3 /* NetworkExecuter.swift in Sources */ = {isa = PBXBuildFile; fileRef = A4746D772E37BD75007743B3 /* NetworkExecuter.swift */; };
		A4746DA32E37BD75007743B3 /* Collection.swift in Sources */ = {isa = PBXBuildFile; fileRef = A4746D6F2E37BD75007743B3 /* Collection.swift */; };
		A4746DA42E37BD75007743B3 /* LottieView.swift in Sources */ = {isa = PBXBuildFile; fileRef = A4746D872E37BD75007743B3 /* LottieView.swift */; };
		A4746DA52E37BD75007743B3 /* ResponseError.swift in Sources */ = {isa = PBXBuildFile; fileRef = A4746D792E37BD75007743B3 /* ResponseError.swift */; };
		A4746DA62E37BD75007743B3 /* BaseNav.swift in Sources */ = {isa = PBXBuildFile; fileRef = A4746D982E37BD75007743B3 /* BaseNav.swift */; };
		A4746DA72E37BD75007743B3 /* ServerResponseKey.swift in Sources */ = {isa = PBXBuildFile; fileRef = A4746D6D2E37BD75007743B3 /* ServerResponseKey.swift */; };
		A4746DA82E37BD75007743B3 /* LoaderManager.swift in Sources */ = {isa = PBXBuildFile; fileRef = A4746D832E37BD75007743B3 /* LoaderManager.swift */; };
		A4746DA92E37BD75007743B3 /* Publisher.swift in Sources */ = {isa = PBXBuildFile; fileRef = A4746D942E37BD75007743B3 /* Publisher.swift */; };
		A4746DAA2E37BD75007743B3 /* NetworkConstants.swift in Sources */ = {isa = PBXBuildFile; fileRef = A4746D7C2E37BD75007743B3 /* NetworkConstants.swift */; };
		A4746DAB2E37BD75007743B3 /* LoaderView.swift in Sources */ = {isa = PBXBuildFile; fileRef = A4746D802E37BD75007743B3 /* LoaderView.swift */; };
		A4746DAC2E37BD75007743B3 /* RequestHeader.swift in Sources */ = {isa = PBXBuildFile; fileRef = A4746D722E37BD75007743B3 /* RequestHeader.swift */; };
		A4746DAD2E37BD75007743B3 /* Typealias.swift in Sources */ = {isa = PBXBuildFile; fileRef = A4746D732E37BD75007743B3 /* Typealias.swift */; };
		A4746DAE2E37BD75007743B3 /* Reachability.swift in Sources */ = {isa = PBXBuildFile; fileRef = A4746D7D2E37BD75007743B3 /* Reachability.swift */; };
		A4746DAF2E37BD75007743B3 /* AppDelegate.swift in Sources */ = {isa = PBXBuildFile; fileRef = A4746D662E37BD75007743B3 /* AppDelegate.swift */; };
		A4746DB02E37BD75007743B3 /* TopAlert.swift in Sources */ = {isa = PBXBuildFile; fileRef = A4746D882E37BD75007743B3 /* TopAlert.swift */; };
		A4746DB12E37BD75007743B3 /* DefaultNetworkExecuter.swift in Sources */ = {isa = PBXBuildFile; fileRef = A4746D762E37BD75007743B3 /* DefaultNetworkExecuter.swift */; };
		A4746DB22E37BD75007743B3 /* TableView.swift in Sources */ = {isa = PBXBuildFile; fileRef = A4746D902E37BD75007743B3 /* TableView.swift */; };
		A4746DB32E37BD75007743B3 /* UploadData.swift in Sources */ = {isa = PBXBuildFile; fileRef = A4746D742E37BD75007743B3 /* UploadData.swift */; };
		A4746DB42E37BD75007743B3 /* UIImageView.swift in Sources */ = {isa = PBXBuildFile; fileRef = A4746D912E37BD75007743B3 /* UIImageView.swift */; };
		A4746DB52E37BD75007743B3 /* SceneDelegate.swift in Sources */ = {isa = PBXBuildFile; fileRef = A4746D672E37BD75007743B3 /* SceneDelegate.swift */; };
		A4746DB62E37BD75007743B3 /* NetworkReachability.swift in Sources */ = {isa = PBXBuildFile; fileRef = A4746D7E2E37BD75007743B3 /* NetworkReachability.swift */; };
		A4746DB72E37BD75007743B3 /* BaseViewController.swift in Sources */ = {isa = PBXBuildFile; fileRef = A4746D992E37BD75007743B3 /* BaseViewController.swift */; };
		A4746DB82E37BD75007743B3 /* AlertManager.swift in Sources */ = {isa = PBXBuildFile; fileRef = A4746D8B2E37BD75007743B3 /* AlertManager.swift */; };
		A4746DB92E37BD75007743B3 /* UserDefaults.swift in Sources */ = {isa = PBXBuildFile; fileRef = A4746D8D2E37BD75007743B3 /* UserDefaults.swift */; };
		A4746DBA2E37BD75007743B3 /* Requestable.swift in Sources */ = {isa = PBXBuildFile; fileRef = A4746D712E37BD75007743B3 /* Requestable.swift */; };
		A4746DBB2E37BD75007743B3 /* ConnectionAlertManager.swift in Sources */ = {isa = PBXBuildFile; fileRef = A4746D852E37BD75007743B3 /* ConnectionAlertManager.swift */; };
		A4746DBC2E37BD75007743B3 /* Endpoint.swift in Sources */ = {isa = PBXBuildFile; fileRef = A4746D702E37BD75007743B3 /* Endpoint.swift */; };
		A4746DBD2E37BD75007743B3 /* ResponseHandler.swift in Sources */ = {isa = PBXBuildFile; fileRef = A4746D7A2E37BD75007743B3 /* ResponseHandler.swift */; };
		A4746DBE2E37BD75007743B3 /* TopAlert.xib in Resources */ = {isa = PBXBuildFile; fileRef = A4746D892E37BD75007743B3 /* TopAlert.xib */; };
		A4746DBF2E37BD75007743B3 /* Assets.xcassets in Resources */ = {isa = PBXBuildFile; fileRef = A4746D6A2E37BD75007743B3 /* Assets.xcassets */; };
		A4746DC02E37BD75007743B3 /* LoaderView.xib in Resources */ = {isa = PBXBuildFile; fileRef = A4746D812E37BD75007743B3 /* LoaderView.xib */; };
		A4746E2D2E37C860007743B3 /* UpcomingMoviesCell.swift in Sources */ = {isa = PBXBuildFile; fileRef = A4746E112E37C860007743B3 /* UpcomingMoviesCell.swift */; };
		A4746E2E2E37C860007743B3 /* AppTabBarController.swift in Sources */ = {isa = PBXBuildFile; fileRef = A4746DF22E37C860007743B3 /* AppTabBarController.swift */; };
		A4746E2F2E37C860007743B3 /* NowPlayingMoviesCell.swift in Sources */ = {isa = PBXBuildFile; fileRef = A4746DF42E37C860007743B3 /* NowPlayingMoviesCell.swift */; };
		A4746E302E37C860007743B3 /* UpcomingNetwork.swift in Sources */ = {isa = PBXBuildFile; fileRef = A4746E142E37C860007743B3 /* UpcomingNetwork.swift */; };
		A4746E312E37C860007743B3 /* NowPlayingModel.swift in Sources */ = {isa = PBXBuildFile; fileRef = A4746DFA2E37C860007743B3 /* NowPlayingModel.swift */; };
		A4746E322E37C860007743B3 /* NowPlayingMoviesView.swift in Sources */ = {isa = PBXBuildFile; fileRef = A4746E002E37C860007743B3 /* NowPlayingMoviesView.swift */; };
		A4746E332E37C860007743B3 /* UpcomingMoviesModel.swift in Sources */ = {isa = PBXBuildFile; fileRef = A4746E162E37C860007743B3 /* UpcomingMoviesModel.swift */; };
		A4746E342E37C860007743B3 /* PopularMoviesModel.swift in Sources */ = {isa = PBXBuildFile; fileRef = A4746E082E37C860007743B3 /* PopularMoviesModel.swift */; };
		A4746E352E37C860007743B3 /* MovieDetailsModel.swift in Sources */ = {isa = PBXBuildFile; fileRef = A4746E242E37C860007743B3 /* MovieDetailsModel.swift */; };
		A4746E362E37C860007743B3 /* UpcomingMoviesView.swift in Sources */ = {isa = PBXBuildFile; fileRef = A4746E1C2E37C860007743B3 /* UpcomingMoviesView.swift */; };
		A4746E372E37C860007743B3 /* GenresCell.swift in Sources */ = {isa = PBXBuildFile; fileRef = A4746E1F2E37C860007743B3 /* GenresCell.swift */; };
		A4746E382E37C860007743B3 /* MovieDetailsViewModel.swift in Sources */ = {isa = PBXBuildFile; fileRef = A4746E282E37C860007743B3 /* MovieDetailsViewModel.swift */; };
		A4746E3A2E37C860007743B3 /* UpcomingMoviesViewModel.swift in Sources */ = {isa = PBXBuildFile; fileRef = A4746E1A2E37C860007743B3 /* UpcomingMoviesViewModel.swift */; };
		A4746E3B2E37C860007743B3 /* NowPlayingMoviesViewModel.swift in Sources */ = {isa = PBXBuildFile; fileRef = A4746DFE2E37C860007743B3 /* NowPlayingMoviesViewModel.swift */; };
		A4746E3C2E37C860007743B3 /* PopularNetwork.swift in Sources */ = {isa = PBXBuildFile; fileRef = A4746E062E37C860007743B3 /* PopularNetwork.swift */; };
		A4746E3D2E37C860007743B3 /* PopularMoviesView.swift in Sources */ = {isa = PBXBuildFile; fileRef = A4746E0E2E37C860007743B3 /* PopularMoviesView.swift */; };
		A4746E3E2E37C860007743B3 /* MovieDetailsNetwork.swift in Sources */ = {isa = PBXBuildFile; fileRef = A4746E222E37C860007743B3 /* MovieDetailsNetwork.swift */; };
		A4746E3F2E37C860007743B3 /* MovieDetailsView.swift in Sources */ = {isa = PBXBuildFile; fileRef = A4746E2A2E37C860007743B3 /* MovieDetailsView.swift */; };
		A4746E402E37C860007743B3 /* NowPlayingNetwork.swift in Sources */ = {isa = PBXBuildFile; fileRef = A4746DF72E37C860007743B3 /* NowPlayingNetwork.swift */; };
		A4746E412E37C860007743B3 /* PopularMoviesCell.swift in Sources */ = {isa = PBXBuildFile; fileRef = A4746E032E37C860007743B3 /* PopularMoviesCell.swift */; };
		A4746E422E37C860007743B3 /* PopularMoviesViewModel.swift in Sources */ = {isa = PBXBuildFile; fileRef = A4746E0C2E37C860007743B3 /* PopularMoviesViewModel.swift */; };
		A4746E432E37C860007743B3 /* MovieDetailsView.xib in Resources */ = {isa = PBXBuildFile; fileRef = A4746E262E37C860007743B3 /* MovieDetailsView.xib */; };
		A4746E442E37C860007743B3 /* NowPlayingMoviesView.xib in Resources */ = {isa = PBXBuildFile; fileRef = A4746DFC2E37C860007743B3 /* NowPlayingMoviesView.xib */; };
		A4746E452E37C860007743B3 /* NowPlayingMoviesCell.xib in Resources */ = {isa = PBXBuildFile; fileRef = A4746DF52E37C860007743B3 /* NowPlayingMoviesCell.xib */; };
		A4746E462E37C860007743B3 /* PopularMoviesCell.xib in Resources */ = {isa = PBXBuildFile; fileRef = A4746E042E37C860007743B3 /* PopularMoviesCell.xib */; };
		A4746E472E37C860007743B3 /* GenresCell.xib in Resources */ = {isa = PBXBuildFile; fileRef = A4746E202E37C860007743B3 /* GenresCell.xib */; };
		A4746E482E37C860007743B3 /* PopularMoviesView.xib in Resources */ = {isa = PBXBuildFile; fileRef = A4746E0A2E37C860007743B3 /* PopularMoviesView.xib */; };
		A4746E492E37C860007743B3 /* UpcomingMoviesCell.xib in Resources */ = {isa = PBXBuildFile; fileRef = A4746E122E37C860007743B3 /* UpcomingMoviesCell.xib */; };
		A4746E4A2E37C860007743B3 /* UpcomingMoviesView.xib in Resources */ = {isa = PBXBuildFile; fileRef = A4746E182E37C860007743B3 /* UpcomingMoviesView.xib */; };
		D0FF1F6C6FEFDF2751E8DA11 /* Pods_iOS_ChallengeTests.framework in Frameworks */ = {isa = PBXBuildFile; fileRef = D380E07E4A05DA485EF5DB1D /* Pods_iOS_ChallengeTests.framework */; };
/* End PBXBuildFile section */

/* Begin PBXContainerItemProxy section */
		A4746D042E37ADAD007743B3 /* PBXContainerItemProxy */ = {
			isa = PBXContainerItemProxy;
			containerPortal = A4746CE52E37ADAA007743B3 /* Project object */;
			proxyType = 1;
			remoteGlobalIDString = A4746CEC2E37ADAA007743B3;
			remoteInfo = iOS_Challenge;
		};
		A4746D0E2E37ADAD007743B3 /* PBXContainerItemProxy */ = {
			isa = PBXContainerItemProxy;
			containerPortal = A4746CE52E37ADAA007743B3 /* Project object */;
			proxyType = 1;
			remoteGlobalIDString = A4746CEC2E37ADAA007743B3;
			remoteInfo = iOS_Challenge;
		};
/* End PBXContainerItemProxy section */

/* Begin PBXFileReference section */
		230C0B8B7B2C27D04DC2B675 /* Pods-iOS_Challenge-iOS_ChallengeUITests.release.xcconfig */ = {isa = PBXFileReference; includeInIndex = 1; lastKnownFileType = text.xcconfig; name = "Pods-iOS_Challenge-iOS_ChallengeUITests.release.xcconfig"; path = "Target Support Files/Pods-iOS_Challenge-iOS_ChallengeUITests/Pods-iOS_Challenge-iOS_ChallengeUITests.release.xcconfig"; sourceTree = "<group>"; };
		2EA475523F7971953247133E /* Pods-iOS_ChallengeTests.release.xcconfig */ = {isa = PBXFileReference; includeInIndex = 1; lastKnownFileType = text.xcconfig; name = "Pods-iOS_ChallengeTests.release.xcconfig"; path = "Target Support Files/Pods-iOS_ChallengeTests/Pods-iOS_ChallengeTests.release.xcconfig"; sourceTree = "<group>"; };
		3C5386ED57DA0BCBA689080A /* Pods-iOS_Challenge.release.xcconfig */ = {isa = PBXFileReference; includeInIndex = 1; lastKnownFileType = text.xcconfig; name = "Pods-iOS_Challenge.release.xcconfig"; path = "Target Support Files/Pods-iOS_Challenge/Pods-iOS_Challenge.release.xcconfig"; sourceTree = "<group>"; };
		8A36DD41B831D700CD2DC00F /* Pods-iOS_Challenge-iOS_ChallengeUITests.debug.xcconfig */ = {isa = PBXFileReference; includeInIndex = 1; lastKnownFileType = text.xcconfig; name = "Pods-iOS_Challenge-iOS_ChallengeUITests.debug.xcconfig"; path = "Target Support Files/Pods-iOS_Challenge-iOS_ChallengeUITests/Pods-iOS_Challenge-iOS_ChallengeUITests.debug.xcconfig"; sourceTree = "<group>"; };
		8D53DC5F3C08BF85C626091A /* Pods-iOS_Challenge.debug.xcconfig */ = {isa = PBXFileReference; includeInIndex = 1; lastKnownFileType = text.xcconfig; name = "Pods-iOS_Challenge.debug.xcconfig"; path = "Target Support Files/Pods-iOS_Challenge/Pods-iOS_Challenge.debug.xcconfig"; sourceTree = "<group>"; };
		A457DA2F2E38E6DF00C83C7A /* PopularMoviesViewModelTests.swift */ = {isa = PBXFileReference; lastKnownFileType = sourcecode.swift; path = PopularMoviesViewModelTests.swift; sourceTree = "<group>"; };
		A4746CED2E37ADAA007743B3 /* iOS_Challenge.app */ = {isa = PBXFileReference; explicitFileType = wrapper.application; includeInIndex = 0; path = iOS_Challenge.app; sourceTree = BUILT_PRODUCTS_DIR; };
		A4746D032E37ADAD007743B3 /* iOS_ChallengeTests.xctest */ = {isa = PBXFileReference; explicitFileType = wrapper.cfbundle; includeInIndex = 0; path = iOS_ChallengeTests.xctest; sourceTree = BUILT_PRODUCTS_DIR; };
		A4746D0D2E37ADAD007743B3 /* iOS_ChallengeUITests.xctest */ = {isa = PBXFileReference; explicitFileType = wrapper.cfbundle; includeInIndex = 0; path = iOS_ChallengeUITests.xctest; sourceTree = BUILT_PRODUCTS_DIR; };
		A4746D4F2E37BC95007743B3 /* Info.plist */ = {isa = PBXFileReference; lastKnownFileType = text.plist.xml; path = Info.plist; sourceTree = "<group>"; };
		A4746D502E37BC95007743B3 /* Base */ = {isa = PBXFileReference; lastKnownFileType = file.storyboard; name = Base; path = Base.lproj/LaunchScreen.storyboard; sourceTree = "<group>"; };
		A4746D5E2E37BC97007743B3 /* NowPlayingMoviesViewModelTests.swift */ = {isa = PBXFileReference; lastKnownFileType = sourcecode.swift; path = NowPlayingMoviesViewModelTests.swift; sourceTree = "<group>"; };
		A4746D612E37BC9A007743B3 /* iOS_ChallengeUITests.swift */ = {isa = PBXFileReference; lastKnownFileType = sourcecode.swift; path = iOS_ChallengeUITests.swift; sourceTree = "<group>"; };
		A4746D622E37BC9A007743B3 /* iOS_ChallengeUITestsLaunchTests.swift */ = {isa = PBXFileReference; lastKnownFileType = sourcecode.swift; path = iOS_ChallengeUITestsLaunchTests.swift; sourceTree = "<group>"; };
		A4746D662E37BD75007743B3 /* AppDelegate.swift */ = {isa = PBXFileReference; lastKnownFileType = sourcecode.swift; path = AppDelegate.swift; sourceTree = "<group>"; };
		A4746D672E37BD75007743B3 /* SceneDelegate.swift */ = {isa = PBXFileReference; lastKnownFileType = sourcecode.swift; path = SceneDelegate.swift; sourceTree = "<group>"; };
		A4746D6A2E37BD75007743B3 /* Assets.xcassets */ = {isa = PBXFileReference; lastKnownFileType = folder.assetcatalog; path = Assets.xcassets; sourceTree = "<group>"; };
		A4746D6C2E37BD75007743B3 /* BaseResponse.swift */ = {isa = PBXFileReference; lastKnownFileType = sourcecode.swift; path = BaseResponse.swift; sourceTree = "<group>"; };
		A4746D6D2E37BD75007743B3 /* ServerResponseKey.swift */ = {isa = PBXFileReference; lastKnownFileType = sourcecode.swift; path = ServerResponseKey.swift; sourceTree = "<group>"; };
		A4746D6F2E37BD75007743B3 /* Collection.swift */ = {isa = PBXFileReference; lastKnownFileType = sourcecode.swift; path = Collection.swift; sourceTree = "<group>"; };
		A4746D702E37BD75007743B3 /* Endpoint.swift */ = {isa = PBXFileReference; lastKnownFileType = sourcecode.swift; path = Endpoint.swift; sourceTree = "<group>"; };
		A4746D712E37BD75007743B3 /* Requestable.swift */ = {isa = PBXFileReference; lastKnownFileType = sourcecode.swift; path = Requestable.swift; sourceTree = "<group>"; };
		A4746D722E37BD75007743B3 /* RequestHeader.swift */ = {isa = PBXFileReference; lastKnownFileType = sourcecode.swift; path = RequestHeader.swift; sourceTree = "<group>"; };
		A4746D732E37BD75007743B3 /* Typealias.swift */ = {isa = PBXFileReference; lastKnownFileType = sourcecode.swift; path = Typealias.swift; sourceTree = "<group>"; };
		A4746D742E37BD75007743B3 /* UploadData.swift */ = {isa = PBXFileReference; lastKnownFileType = sourcecode.swift; path = UploadData.swift; sourceTree = "<group>"; };
		A4746D762E37BD75007743B3 /* DefaultNetworkExecuter.swift */ = {isa = PBXFileReference; lastKnownFileType = sourcecode.swift; path = DefaultNetworkExecuter.swift; sourceTree = "<group>"; };
		A4746D772E37BD75007743B3 /* NetworkExecuter.swift */ = {isa = PBXFileReference; lastKnownFileType = sourcecode.swift; path = NetworkExecuter.swift; sourceTree = "<group>"; };
		A4746D782E37BD75007743B3 /* ResponseDecoder.swift */ = {isa = PBXFileReference; lastKnownFileType = sourcecode.swift; path = ResponseDecoder.swift; sourceTree = "<group>"; };
		A4746D792E37BD75007743B3 /* ResponseError.swift */ = {isa = PBXFileReference; lastKnownFileType = sourcecode.swift; path = ResponseError.swift; sourceTree = "<group>"; };
		A4746D7A2E37BD75007743B3 /* ResponseHandler.swift */ = {isa = PBXFileReference; lastKnownFileType = sourcecode.swift; path = ResponseHandler.swift; sourceTree = "<group>"; };
		A4746D7C2E37BD75007743B3 /* NetworkConstants.swift */ = {isa = PBXFileReference; lastKnownFileType = sourcecode.swift; path = NetworkConstants.swift; sourceTree = "<group>"; };
		A4746D7D2E37BD75007743B3 /* Reachability.swift */ = {isa = PBXFileReference; lastKnownFileType = sourcecode.swift; path = Reachability.swift; sourceTree = "<group>"; };
		A4746D7E2E37BD75007743B3 /* NetworkReachability.swift */ = {isa = PBXFileReference; lastKnownFileType = sourcecode.swift; path = NetworkReachability.swift; sourceTree = "<group>"; };
		A4746D802E37BD75007743B3 /* LoaderView.swift */ = {isa = PBXFileReference; lastKnownFileType = sourcecode.swift; path = LoaderView.swift; sourceTree = "<group>"; };
		A4746D812E37BD75007743B3 /* LoaderView.xib */ = {isa = PBXFileReference; lastKnownFileType = file.xib; path = LoaderView.xib; sourceTree = "<group>"; };
		A4746D832E37BD75007743B3 /* LoaderManager.swift */ = {isa = PBXFileReference; lastKnownFileType = sourcecode.swift; path = LoaderManager.swift; sourceTree = "<group>"; };
		A4746D852E37BD75007743B3 /* ConnectionAlertManager.swift */ = {isa = PBXFileReference; lastKnownFileType = sourcecode.swift; path = ConnectionAlertManager.swift; sourceTree = "<group>"; };
		A4746D872E37BD75007743B3 /* LottieView.swift */ = {isa = PBXFileReference; lastKnownFileType = sourcecode.swift; path = LottieView.swift; sourceTree = "<group>"; };
		A4746D882E37BD75007743B3 /* TopAlert.swift */ = {isa = PBXFileReference; lastKnownFileType = sourcecode.swift; path = TopAlert.swift; sourceTree = "<group>"; };
		A4746D892E37BD75007743B3 /* TopAlert.xib */ = {isa = PBXFileReference; lastKnownFileType = file.xib; path = TopAlert.xib; sourceTree = "<group>"; };
		A4746D8B2E37BD75007743B3 /* AlertManager.swift */ = {isa = PBXFileReference; lastKnownFileType = sourcecode.swift; path = AlertManager.swift; sourceTree = "<group>"; };
		A4746D8D2E37BD75007743B3 /* UserDefaults.swift */ = {isa = PBXFileReference; lastKnownFileType = sourcecode.swift; path = UserDefaults.swift; sourceTree = "<group>"; };
		A4746D8F2E37BD75007743B3 /* UICollectionView.swift */ = {isa = PBXFileReference; lastKnownFileType = sourcecode.swift; path = UICollectionView.swift; sourceTree = "<group>"; };
		A4746D902E37BD75007743B3 /* TableView.swift */ = {isa = PBXFileReference; lastKnownFileType = sourcecode.swift; path = TableView.swift; sourceTree = "<group>"; };
		A4746D912E37BD75007743B3 /* UIImageView.swift */ = {isa = PBXFileReference; lastKnownFileType = sourcecode.swift; path = UIImageView.swift; sourceTree = "<group>"; };
		A4746D922E37BD75007743B3 /* ShadowView.swift */ = {isa = PBXFileReference; lastKnownFileType = sourcecode.swift; path = ShadowView.swift; sourceTree = "<group>"; };
		A4746D942E37BD75007743B3 /* Publisher.swift */ = {isa = PBXFileReference; lastKnownFileType = sourcecode.swift; path = Publisher.swift; sourceTree = "<group>"; };
		A4746D972E37BD75007743B3 /* ClassNameProtocol.swift */ = {isa = PBXFileReference; lastKnownFileType = sourcecode.swift; path = ClassNameProtocol.swift; sourceTree = "<group>"; };
		A4746D982E37BD75007743B3 /* BaseNav.swift */ = {isa = PBXFileReference; lastKnownFileType = sourcecode.swift; path = BaseNav.swift; sourceTree = "<group>"; };
		A4746D992E37BD75007743B3 /* BaseViewController.swift */ = {isa = PBXFileReference; lastKnownFileType = sourcecode.swift; path = BaseViewController.swift; sourceTree = "<group>"; };
		A4746D9A2E37BD75007743B3 /* BaseViewModel.swift */ = {isa = PBXFileReference; lastKnownFileType = sourcecode.swift; path = BaseViewModel.swift; sourceTree = "<group>"; };
		A4746DF22E37C860007743B3 /* AppTabBarController.swift */ = {isa = PBXFileReference; lastKnownFileType = sourcecode.swift; path = AppTabBarController.swift; sourceTree = "<group>"; };
		A4746DF42E37C860007743B3 /* NowPlayingMoviesCell.swift */ = {isa = PBXFileReference; lastKnownFileType = sourcecode.swift; path = NowPlayingMoviesCell.swift; sourceTree = "<group>"; };
		A4746DF52E37C860007743B3 /* NowPlayingMoviesCell.xib */ = {isa = PBXFileReference; lastKnownFileType = file.xib; path = NowPlayingMoviesCell.xib; sourceTree = "<group>"; };
		A4746DF72E37C860007743B3 /* NowPlayingNetwork.swift */ = {isa = PBXFileReference; lastKnownFileType = sourcecode.swift; path = NowPlayingNetwork.swift; sourceTree = "<group>"; };
		A4746DFA2E37C860007743B3 /* NowPlayingModel.swift */ = {isa = PBXFileReference; lastKnownFileType = sourcecode.swift; path = NowPlayingModel.swift; sourceTree = "<group>"; };
		A4746DFC2E37C860007743B3 /* NowPlayingMoviesView.xib */ = {isa = PBXFileReference; lastKnownFileType = file.xib; path = NowPlayingMoviesView.xib; sourceTree = "<group>"; };
		A4746DFE2E37C860007743B3 /* NowPlayingMoviesViewModel.swift */ = {isa = PBXFileReference; lastKnownFileType = sourcecode.swift; path = NowPlayingMoviesViewModel.swift; sourceTree = "<group>"; };
		A4746E002E37C860007743B3 /* NowPlayingMoviesView.swift */ = {isa = PBXFileReference; lastKnownFileType = sourcecode.swift; path = NowPlayingMoviesView.swift; sourceTree = "<group>"; };
		A4746E032E37C860007743B3 /* PopularMoviesCell.swift */ = {isa = PBXFileReference; lastKnownFileType = sourcecode.swift; path = PopularMoviesCell.swift; sourceTree = "<group>"; };
		A4746E042E37C860007743B3 /* PopularMoviesCell.xib */ = {isa = PBXFileReference; lastKnownFileType = file.xib; path = PopularMoviesCell.xib; sourceTree = "<group>"; };
		A4746E062E37C860007743B3 /* PopularNetwork.swift */ = {isa = PBXFileReference; lastKnownFileType = sourcecode.swift; path = PopularNetwork.swift; sourceTree = "<group>"; };
		A4746E082E37C860007743B3 /* PopularMoviesModel.swift */ = {isa = PBXFileReference; lastKnownFileType = sourcecode.swift; path = PopularMoviesModel.swift; sourceTree = "<group>"; };
		A4746E0A2E37C860007743B3 /* PopularMoviesView.xib */ = {isa = PBXFileReference; lastKnownFileType = file.xib; path = PopularMoviesView.xib; sourceTree = "<group>"; };
		A4746E0C2E37C860007743B3 /* PopularMoviesViewModel.swift */ = {isa = PBXFileReference; lastKnownFileType = sourcecode.swift; path = PopularMoviesViewModel.swift; sourceTree = "<group>"; };
		A4746E0E2E37C860007743B3 /* PopularMoviesView.swift */ = {isa = PBXFileReference; lastKnownFileType = sourcecode.swift; path = PopularMoviesView.swift; sourceTree = "<group>"; };
		A4746E112E37C860007743B3 /* UpcomingMoviesCell.swift */ = {isa = PBXFileReference; lastKnownFileType = sourcecode.swift; path = UpcomingMoviesCell.swift; sourceTree = "<group>"; };
		A4746E122E37C860007743B3 /* UpcomingMoviesCell.xib */ = {isa = PBXFileReference; lastKnownFileType = file.xib; path = UpcomingMoviesCell.xib; sourceTree = "<group>"; };
		A4746E142E37C860007743B3 /* UpcomingNetwork.swift */ = {isa = PBXFileReference; lastKnownFileType = sourcecode.swift; path = UpcomingNetwork.swift; sourceTree = "<group>"; };
		A4746E162E37C860007743B3 /* UpcomingMoviesModel.swift */ = {isa = PBXFileReference; lastKnownFileType = sourcecode.swift; path = UpcomingMoviesModel.swift; sourceTree = "<group>"; };
		A4746E182E37C860007743B3 /* UpcomingMoviesView.xib */ = {isa = PBXFileReference; lastKnownFileType = file.xib; path = UpcomingMoviesView.xib; sourceTree = "<group>"; };
		A4746E1A2E37C860007743B3 /* UpcomingMoviesViewModel.swift */ = {isa = PBXFileReference; lastKnownFileType = sourcecode.swift; path = UpcomingMoviesViewModel.swift; sourceTree = "<group>"; };
		A4746E1C2E37C860007743B3 /* UpcomingMoviesView.swift */ = {isa = PBXFileReference; lastKnownFileType = sourcecode.swift; path = UpcomingMoviesView.swift; sourceTree = "<group>"; };
		A4746E1F2E37C860007743B3 /* GenresCell.swift */ = {isa = PBXFileReference; lastKnownFileType = sourcecode.swift; path = GenresCell.swift; sourceTree = "<group>"; };
		A4746E202E37C860007743B3 /* GenresCell.xib */ = {isa = PBXFileReference; lastKnownFileType = file.xib; path = GenresCell.xib; sourceTree = "<group>"; };
		A4746E222E37C860007743B3 /* MovieDetailsNetwork.swift */ = {isa = PBXFileReference; lastKnownFileType = sourcecode.swift; path = MovieDetailsNetwork.swift; sourceTree = "<group>"; };
		A4746E242E37C860007743B3 /* MovieDetailsModel.swift */ = {isa = PBXFileReference; lastKnownFileType = sourcecode.swift; path = MovieDetailsModel.swift; sourceTree = "<group>"; };
		A4746E262E37C860007743B3 /* MovieDetailsView.xib */ = {isa = PBXFileReference; lastKnownFileType = file.xib; path = MovieDetailsView.xib; sourceTree = "<group>"; };
		A4746E282E37C860007743B3 /* MovieDetailsViewModel.swift */ = {isa = PBXFileReference; lastKnownFileType = sourcecode.swift; path = MovieDetailsViewModel.swift; sourceTree = "<group>"; };
		A4746E2A2E37C860007743B3 /* MovieDetailsView.swift */ = {isa = PBXFileReference; lastKnownFileType = sourcecode.swift; path = MovieDetailsView.swift; sourceTree = "<group>"; };
		B30B7362B87F03811082F9EC /* Pods_iOS_Challenge.framework */ = {isa = PBXFileReference; explicitFileType = wrapper.framework; includeInIndex = 0; path = Pods_iOS_Challenge.framework; sourceTree = BUILT_PRODUCTS_DIR; };
		C1EA5ECAB723BEF3EA8E4468 /* Pods_iOS_Challenge_iOS_ChallengeUITests.framework */ = {isa = PBXFileReference; explicitFileType = wrapper.framework; includeInIndex = 0; path = Pods_iOS_Challenge_iOS_ChallengeUITests.framework; sourceTree = BUILT_PRODUCTS_DIR; };
		D380E07E4A05DA485EF5DB1D /* Pods_iOS_ChallengeTests.framework */ = {isa = PBXFileReference; explicitFileType = wrapper.framework; includeInIndex = 0; path = Pods_iOS_ChallengeTests.framework; sourceTree = BUILT_PRODUCTS_DIR; };
		FEB1FE668878730A8DF7F7C0 /* Pods-iOS_ChallengeTests.debug.xcconfig */ = {isa = PBXFileReference; includeInIndex = 1; lastKnownFileType = text.xcconfig; name = "Pods-iOS_ChallengeTests.debug.xcconfig"; path = "Target Support Files/Pods-iOS_ChallengeTests/Pods-iOS_ChallengeTests.debug.xcconfig"; sourceTree = "<group>"; };
/* End PBXFileReference section */

/* Begin PBXFrameworksBuildPhase section */
		A4746CEA2E37ADAA007743B3 /* Frameworks */ = {
			isa = PBXFrameworksBuildPhase;
			buildActionMask = 2147483647;
			files = (
				22D2EE58224A18DE737DB578 /* Pods_iOS_Challenge.framework in Frameworks */,
			);
			runOnlyForDeploymentPostprocessing = 0;
		};
		A4746D002E37ADAD007743B3 /* Frameworks */ = {
			isa = PBXFrameworksBuildPhase;
			buildActionMask = 2147483647;
			files = (
				D0FF1F6C6FEFDF2751E8DA11 /* Pods_iOS_ChallengeTests.framework in Frameworks */,
			);
			runOnlyForDeploymentPostprocessing = 0;
		};
		A4746D0A2E37ADAD007743B3 /* Frameworks */ = {
			isa = PBXFrameworksBuildPhase;
			buildActionMask = 2147483647;
			files = (
				037B46BAB48BF5DB4B5B219C /* Pods_iOS_Challenge_iOS_ChallengeUITests.framework in Frameworks */,
			);
			runOnlyForDeploymentPostprocessing = 0;
		};
/* End PBXFrameworksBuildPhase section */

/* Begin PBXGroup section */
		4B77C34E6276E7F27C9646E2 /* Frameworks */ = {
			isa = PBXGroup;
			children = (
				B30B7362B87F03811082F9EC /* Pods_iOS_Challenge.framework */,
				C1EA5ECAB723BEF3EA8E4468 /* Pods_iOS_Challenge_iOS_ChallengeUITests.framework */,
				D380E07E4A05DA485EF5DB1D /* Pods_iOS_ChallengeTests.framework */,
			);
			name = Frameworks;
			sourceTree = "<group>";
		};
		A4746CE42E37ADAA007743B3 = {
			isa = PBXGroup;
			children = (
				A4746D562E37BC95007743B3 /* iOS_Challenge */,
				A4746D5F2E37BC97007743B3 /* iOS_ChallengeTests */,
				A4746D632E37BC9A007743B3 /* iOS_ChallengeUITests */,
				A4746CEE2E37ADAA007743B3 /* Products */,
				CE424C82F199143FA436CD8B /* Pods */,
				4B77C34E6276E7F27C9646E2 /* Frameworks */,
			);
			sourceTree = "<group>";
		};
		A4746CEE2E37ADAA007743B3 /* Products */ = {
			isa = PBXGroup;
			children = (
				A4746CED2E37ADAA007743B3 /* iOS_Challenge.app */,
				A4746D032E37ADAD007743B3 /* iOS_ChallengeTests.xctest */,
				A4746D0D2E37ADAD007743B3 /* iOS_ChallengeUITests.xctest */,
			);
			name = Products;
			sourceTree = "<group>";
		};
		A4746D562E37BC95007743B3 /* iOS_Challenge */ = {
			isa = PBXGroup;
			children = (
				A4746D692E37BD75007743B3 /* Core */,
				A4746D6B2E37BD75007743B3 /* Resources */,
				A4746D7F2E37BD75007743B3 /* Networking */,
				A4746D842E37BD75007743B3 /* Loader */,
				A4746D8C2E37BD75007743B3 /* Alert */,
				A4746D962E37BD75007743B3 /* Extensions */,
				A4746D9B2E37BD75007743B3 /* Base */,
				A4746D512E37BC95007743B3 /* LaunchScreen.storyboard */,
				A4746DC32E37C13B007743B3 /* Application */,
			);
			path = iOS_Challenge;
			sourceTree = "<group>";
		};
		A4746D5F2E37BC97007743B3 /* iOS_ChallengeTests */ = {
			isa = PBXGroup;
			children = (
				A4746D5E2E37BC97007743B3 /* NowPlayingMoviesViewModelTests.swift */,
				A457DA2F2E38E6DF00C83C7A /* PopularMoviesViewModelTests.swift */,
			);
			path = iOS_ChallengeTests;
			sourceTree = "<group>";
		};
		A4746D632E37BC9A007743B3 /* iOS_ChallengeUITests */ = {
			isa = PBXGroup;
			children = (
				A4746D612E37BC9A007743B3 /* iOS_ChallengeUITests.swift */,
				A4746D622E37BC9A007743B3 /* iOS_ChallengeUITestsLaunchTests.swift */,
			);
			path = iOS_ChallengeUITests;
			sourceTree = "<group>";
		};
		A4746D692E37BD75007743B3 /* Core */ = {
			isa = PBXGroup;
			children = (
				A4746D662E37BD75007743B3 /* AppDelegate.swift */,
				A4746D672E37BD75007743B3 /* SceneDelegate.swift */,
				A4746D4F2E37BC95007743B3 /* Info.plist */,
			);
			path = Core;
			sourceTree = "<group>";
		};
		A4746D6B2E37BD75007743B3 /* Resources */ = {
			isa = PBXGroup;
			children = (
				A4746D6A2E37BD75007743B3 /* Assets.xcassets */,
			);
			path = Resources;
			sourceTree = "<group>";
		};
		A4746D6E2E37BD75007743B3 /* BaseResponse */ = {
			isa = PBXGroup;
			children = (
				A4746D6C2E37BD75007743B3 /* BaseResponse.swift */,
				A4746D6D2E37BD75007743B3 /* ServerResponseKey.swift */,
			);
			path = BaseResponse;
			sourceTree = "<group>";
		};
		A4746D752E37BD75007743B3 /* HandelRequest */ = {
			isa = PBXGroup;
			children = (
				A4746D6F2E37BD75007743B3 /* Collection.swift */,
				A4746D702E37BD75007743B3 /* Endpoint.swift */,
				A4746D712E37BD75007743B3 /* Requestable.swift */,
				A4746D722E37BD75007743B3 /* RequestHeader.swift */,
				A4746D732E37BD75007743B3 /* Typealias.swift */,
				A4746D742E37BD75007743B3 /* UploadData.swift */,
			);
			path = HandelRequest;
			sourceTree = "<group>";
		};
		A4746D7B2E37BD75007743B3 /* HandleResponse */ = {
			isa = PBXGroup;
			children = (
				A4746D762E37BD75007743B3 /* DefaultNetworkExecuter.swift */,
				A4746D772E37BD75007743B3 /* NetworkExecuter.swift */,
				A4746D782E37BD75007743B3 /* ResponseDecoder.swift */,
				A4746D792E37BD75007743B3 /* ResponseError.swift */,
				A4746D7A2E37BD75007743B3 /* ResponseHandler.swift */,
			);
			path = HandleResponse;
			sourceTree = "<group>";
		};
		A4746D7F2E37BD75007743B3 /* Networking */ = {
			isa = PBXGroup;
			children = (
				A4746D6E2E37BD75007743B3 /* BaseResponse */,
				A4746D752E37BD75007743B3 /* HandelRequest */,
				A4746D7B2E37BD75007743B3 /* HandleResponse */,
				A4746D7C2E37BD75007743B3 /* NetworkConstants.swift */,
				A4746D7D2E37BD75007743B3 /* Reachability.swift */,
				A4746D7E2E37BD75007743B3 /* NetworkReachability.swift */,
			);
			path = Networking;
			sourceTree = "<group>";
		};
		A4746D822E37BD75007743B3 /* LoaderView */ = {
			isa = PBXGroup;
			children = (
				A4746D802E37BD75007743B3 /* LoaderView.swift */,
				A4746D812E37BD75007743B3 /* LoaderView.xib */,
			);
			path = LoaderView;
			sourceTree = "<group>";
		};
		A4746D842E37BD75007743B3 /* Loader */ = {
			isa = PBXGroup;
			children = (
				A4746D822E37BD75007743B3 /* LoaderView */,
				A4746D832E37BD75007743B3 /* LoaderManager.swift */,
			);
			path = Loader;
			sourceTree = "<group>";
		};
		A4746D862E37BD75007743B3 /* ConnectionAlert */ = {
			isa = PBXGroup;
			children = (
				A4746D852E37BD75007743B3 /* ConnectionAlertManager.swift */,
			);
			path = ConnectionAlert;
			sourceTree = "<group>";
		};
		A4746D8A2E37BD75007743B3 /* TopAlert */ = {
			isa = PBXGroup;
			children = (
				A4746D872E37BD75007743B3 /* LottieView.swift */,
				A4746D882E37BD75007743B3 /* TopAlert.swift */,
				A4746D892E37BD75007743B3 /* TopAlert.xib */,
			);
			path = TopAlert;
			sourceTree = "<group>";
		};
		A4746D8C2E37BD75007743B3 /* Alert */ = {
			isa = PBXGroup;
			children = (
				A4746D862E37BD75007743B3 /* ConnectionAlert */,
				A4746D8A2E37BD75007743B3 /* TopAlert */,
				A4746D8B2E37BD75007743B3 /* AlertManager.swift */,
			);
			path = Alert;
			sourceTree = "<group>";
		};
		A4746D8E2E37BD75007743B3 /* Founder */ = {
			isa = PBXGroup;
			children = (
				A4746D8D2E37BD75007743B3 /* UserDefaults.swift */,
			);
			path = Founder;
			sourceTree = "<group>";
		};
		A4746D932E37BD75007743B3 /* UIKit */ = {
			isa = PBXGroup;
			children = (
				A4746D8F2E37BD75007743B3 /* UICollectionView.swift */,
				A4746D902E37BD75007743B3 /* TableView.swift */,
				A4746D912E37BD75007743B3 /* UIImageView.swift */,
				A4746D922E37BD75007743B3 /* ShadowView.swift */,
			);
			path = UIKit;
			sourceTree = "<group>";
		};
		A4746D952E37BD75007743B3 /* Combine */ = {
			isa = PBXGroup;
			children = (
				A4746D942E37BD75007743B3 /* Publisher.swift */,
			);
			path = Combine;
			sourceTree = "<group>";
		};
		A4746D962E37BD75007743B3 /* Extensions */ = {
			isa = PBXGroup;
			children = (
				A4746D8E2E37BD75007743B3 /* Founder */,
				A4746D932E37BD75007743B3 /* UIKit */,
				A4746D952E37BD75007743B3 /* Combine */,
			);
			path = Extensions;
			sourceTree = "<group>";
		};
		A4746D9B2E37BD75007743B3 /* Base */ = {
			isa = PBXGroup;
			children = (
				A4746D972E37BD75007743B3 /* ClassNameProtocol.swift */,
				A4746D982E37BD75007743B3 /* BaseNav.swift */,
				A4746D992E37BD75007743B3 /* BaseViewController.swift */,
				A4746D9A2E37BD75007743B3 /* BaseViewModel.swift */,
			);
			path = Base;
			sourceTree = "<group>";
		};
		A4746DC32E37C13B007743B3 /* Application */ = {
			isa = PBXGroup;
			children = (
				A4746DF32E37C860007743B3 /* TabBar */,
				A4746E022E37C860007743B3 /* NowPlaying */,
				A4746E102E37C860007743B3 /* Popular */,
				A4746E1E2E37C860007743B3 /* UpcomingMovies */,
				A4746E2C2E37C860007743B3 /* MoviesDetails */,
			);
			path = Application;
			sourceTree = "<group>";
		};
		A4746DF32E37C860007743B3 /* TabBar */ = {
			isa = PBXGroup;
			children = (
				A4746DF22E37C860007743B3 /* AppTabBarController.swift */,
			);
			path = TabBar;
			sourceTree = "<group>";
		};
		A4746DF62E37C860007743B3 /* Cells */ = {
			isa = PBXGroup;
			children = (
				A4746DF42E37C860007743B3 /* NowPlayingMoviesCell.swift */,
				A4746DF52E37C860007743B3 /* NowPlayingMoviesCell.xib */,
			);
			path = Cells;
			sourceTree = "<group>";
		};
		A4746DF92E37C860007743B3 /* Domain */ = {
			isa = PBXGroup;
			children = (
				A4746DF72E37C860007743B3 /* NowPlayingNetwork.swift */,
			);
			path = Domain;
			sourceTree = "<group>";
		};
		A4746DFB2E37C860007743B3 /* Model */ = {
			isa = PBXGroup;
			children = (
				A4746DFA2E37C860007743B3 /* NowPlayingModel.swift */,
			);
			path = Model;
			sourceTree = "<group>";
		};
		A4746DFD2E37C860007743B3 /* View */ = {
			isa = PBXGroup;
			children = (
				A4746DFC2E37C860007743B3 /* NowPlayingMoviesView.xib */,
			);
			path = View;
			sourceTree = "<group>";
		};
		A4746DFF2E37C860007743B3 /* ViewModel */ = {
			isa = PBXGroup;
			children = (
				A4746DFE2E37C860007743B3 /* NowPlayingMoviesViewModel.swift */,
			);
			path = ViewModel;
			sourceTree = "<group>";
		};
		A4746E012E37C860007743B3 /* Controller */ = {
			isa = PBXGroup;
			children = (
				A4746E002E37C860007743B3 /* NowPlayingMoviesView.swift */,
			);
			path = Controller;
			sourceTree = "<group>";
		};
		A4746E022E37C860007743B3 /* NowPlaying */ = {
			isa = PBXGroup;
			children = (
				A4746DF62E37C860007743B3 /* Cells */,
				A4746DF92E37C860007743B3 /* Domain */,
				A4746DFB2E37C860007743B3 /* Model */,
				A4746DFD2E37C860007743B3 /* View */,
				A4746DFF2E37C860007743B3 /* ViewModel */,
				A4746E012E37C860007743B3 /* Controller */,
			);
			path = NowPlaying;
			sourceTree = "<group>";
		};
		A4746E052E37C860007743B3 /* Cells */ = {
			isa = PBXGroup;
			children = (
				A4746E032E37C860007743B3 /* PopularMoviesCell.swift */,
				A4746E042E37C860007743B3 /* PopularMoviesCell.xib */,
			);
			path = Cells;
			sourceTree = "<group>";
		};
		A4746E072E37C860007743B3 /* Domain */ = {
			isa = PBXGroup;
			children = (
				A4746E062E37C860007743B3 /* PopularNetwork.swift */,
			);
			path = Domain;
			sourceTree = "<group>";
		};
		A4746E092E37C860007743B3 /* Model */ = {
			isa = PBXGroup;
			children = (
				A4746E082E37C860007743B3 /* PopularMoviesModel.swift */,
			);
			path = Model;
			sourceTree = "<group>";
		};
		A4746E0B2E37C860007743B3 /* View */ = {
			isa = PBXGroup;
			children = (
				A4746E0A2E37C860007743B3 /* PopularMoviesView.xib */,
			);
			path = View;
			sourceTree = "<group>";
		};
		A4746E0D2E37C860007743B3 /* ViewModel */ = {
			isa = PBXGroup;
			children = (
				A4746E0C2E37C860007743B3 /* PopularMoviesViewModel.swift */,
			);
			path = ViewModel;
			sourceTree = "<group>";
		};
		A4746E0F2E37C860007743B3 /* Controller */ = {
			isa = PBXGroup;
			children = (
				A4746E0E2E37C860007743B3 /* PopularMoviesView.swift */,
			);
			path = Controller;
			sourceTree = "<group>";
		};
		A4746E102E37C860007743B3 /* Popular */ = {
			isa = PBXGroup;
			children = (
				A4746E052E37C860007743B3 /* Cells */,
				A4746E072E37C860007743B3 /* Domain */,
				A4746E092E37C860007743B3 /* Model */,
				A4746E0B2E37C860007743B3 /* View */,
				A4746E0D2E37C860007743B3 /* ViewModel */,
				A4746E0F2E37C860007743B3 /* Controller */,
			);
			path = Popular;
			sourceTree = "<group>";
		};
		A4746E132E37C860007743B3 /* Cells */ = {
			isa = PBXGroup;
			children = (
				A4746E112E37C860007743B3 /* UpcomingMoviesCell.swift */,
				A4746E122E37C860007743B3 /* UpcomingMoviesCell.xib */,
			);
			path = Cells;
			sourceTree = "<group>";
		};
		A4746E152E37C860007743B3 /* Domain */ = {
			isa = PBXGroup;
			children = (
				A4746E142E37C860007743B3 /* UpcomingNetwork.swift */,
			);
			path = Domain;
			sourceTree = "<group>";
		};
		A4746E172E37C860007743B3 /* Model */ = {
			isa = PBXGroup;
			children = (
				A4746E162E37C860007743B3 /* UpcomingMoviesModel.swift */,
			);
			path = Model;
			sourceTree = "<group>";
		};
		A4746E192E37C860007743B3 /* View */ = {
			isa = PBXGroup;
			children = (
				A4746E182E37C860007743B3 /* UpcomingMoviesView.xib */,
			);
			path = View;
			sourceTree = "<group>";
		};
		A4746E1B2E37C860007743B3 /* ViewModel */ = {
			isa = PBXGroup;
			children = (
				A4746E1A2E37C860007743B3 /* UpcomingMoviesViewModel.swift */,
			);
			path = ViewModel;
			sourceTree = "<group>";
		};
		A4746E1D2E37C860007743B3 /* Controller */ = {
			isa = PBXGroup;
			children = (
				A4746E1C2E37C860007743B3 /* UpcomingMoviesView.swift */,
			);
			path = Controller;
			sourceTree = "<group>";
		};
		A4746E1E2E37C860007743B3 /* UpcomingMovies */ = {
			isa = PBXGroup;
			children = (
				A4746E132E37C860007743B3 /* Cells */,
				A4746E152E37C860007743B3 /* Domain */,
				A4746E172E37C860007743B3 /* Model */,
				A4746E192E37C860007743B3 /* View */,
				A4746E1B2E37C860007743B3 /* ViewModel */,
				A4746E1D2E37C860007743B3 /* Controller */,
			);
			path = UpcomingMovies;
			sourceTree = "<group>";
		};
		A4746E212E37C860007743B3 /* Cells */ = {
			isa = PBXGroup;
			children = (
				A4746E1F2E37C860007743B3 /* GenresCell.swift */,
				A4746E202E37C860007743B3 /* GenresCell.xib */,
			);
			path = Cells;
			sourceTree = "<group>";
		};
		A4746E232E37C860007743B3 /* Domain */ = {
			isa = PBXGroup;
			children = (
				A4746E222E37C860007743B3 /* MovieDetailsNetwork.swift */,
			);
			path = Domain;
			sourceTree = "<group>";
		};
		A4746E252E37C860007743B3 /* Model */ = {
			isa = PBXGroup;
			children = (
				A4746E242E37C860007743B3 /* MovieDetailsModel.swift */,
			);
			path = Model;
			sourceTree = "<group>";
		};
		A4746E272E37C860007743B3 /* View */ = {
			isa = PBXGroup;
			children = (
				A4746E262E37C860007743B3 /* MovieDetailsView.xib */,
			);
			path = View;
			sourceTree = "<group>";
		};
		A4746E292E37C860007743B3 /* ViewModel */ = {
			isa = PBXGroup;
			children = (
				A4746E282E37C860007743B3 /* MovieDetailsViewModel.swift */,
			);
			path = ViewModel;
			sourceTree = "<group>";
		};
		A4746E2B2E37C860007743B3 /* Controller */ = {
			isa = PBXGroup;
			children = (
				A4746E2A2E37C860007743B3 /* MovieDetailsView.swift */,
			);
			path = Controller;
			sourceTree = "<group>";
		};
		A4746E2C2E37C860007743B3 /* MoviesDetails */ = {
			isa = PBXGroup;
			children = (
				A4746E212E37C860007743B3 /* Cells */,
				A4746E232E37C860007743B3 /* Domain */,
				A4746E252E37C860007743B3 /* Model */,
				A4746E272E37C860007743B3 /* View */,
				A4746E292E37C860007743B3 /* ViewModel */,
				A4746E2B2E37C860007743B3 /* Controller */,
			);
			path = MoviesDetails;
			sourceTree = "<group>";
		};
		CE424C82F199143FA436CD8B /* Pods */ = {
			isa = PBXGroup;
			children = (
				8D53DC5F3C08BF85C626091A /* Pods-iOS_Challenge.debug.xcconfig */,
				3C5386ED57DA0BCBA689080A /* Pods-iOS_Challenge.release.xcconfig */,
				8A36DD41B831D700CD2DC00F /* Pods-iOS_Challenge-iOS_ChallengeUITests.debug.xcconfig */,
				230C0B8B7B2C27D04DC2B675 /* Pods-iOS_Challenge-iOS_ChallengeUITests.release.xcconfig */,
				FEB1FE668878730A8DF7F7C0 /* Pods-iOS_ChallengeTests.debug.xcconfig */,
				2EA475523F7971953247133E /* Pods-iOS_ChallengeTests.release.xcconfig */,
			);
			path = Pods;
			sourceTree = "<group>";
		};
/* End PBXGroup section */

/* Begin PBXNativeTarget section */
		A4746CEC2E37ADAA007743B3 /* iOS_Challenge */ = {
			isa = PBXNativeTarget;
			buildConfigurationList = A4746D162E37ADAD007743B3 /* Build configuration list for PBXNativeTarget "iOS_Challenge" */;
			buildPhases = (
				68D626CA8816A705B83AF478 /* [CP] Check Pods Manifest.lock */,
				A4746CE92E37ADAA007743B3 /* Sources */,
				A4746CEA2E37ADAA007743B3 /* Frameworks */,
				A4746CEB2E37ADAA007743B3 /* Resources */,
				DDB1B70FE4C5F025C60E2C45 /* [CP] Embed Pods Frameworks */,
			);
			buildRules = (
			);
			dependencies = (
			);
			name = iOS_Challenge;
			productName = iOS_Challenge;
			productReference = A4746CED2E37ADAA007743B3 /* iOS_Challenge.app */;
			productType = "com.apple.product-type.application";
		};
		A4746D022E37ADAD007743B3 /* iOS_ChallengeTests */ = {
			isa = PBXNativeTarget;
			buildConfigurationList = A4746D1B2E37ADAD007743B3 /* Build configuration list for PBXNativeTarget "iOS_ChallengeTests" */;
			buildPhases = (
				A0E812E4727643B13314957A /* [CP] Check Pods Manifest.lock */,
				A4746CFF2E37ADAD007743B3 /* Sources */,
				A4746D002E37ADAD007743B3 /* Frameworks */,
				A4746D012E37ADAD007743B3 /* Resources */,
				E23E816CE9D8BB1A8A5472C8 /* [CP] Embed Pods Frameworks */,
			);
			buildRules = (
			);
			dependencies = (
				A4746D052E37ADAD007743B3 /* PBXTargetDependency */,
			);
			name = iOS_ChallengeTests;
			productName = iOS_ChallengeTests;
			productReference = A4746D032E37ADAD007743B3 /* iOS_ChallengeTests.xctest */;
			productType = "com.apple.product-type.bundle.unit-test";
		};
		A4746D0C2E37ADAD007743B3 /* iOS_ChallengeUITests */ = {
			isa = PBXNativeTarget;
			buildConfigurationList = A4746D1E2E37ADAD007743B3 /* Build configuration list for PBXNativeTarget "iOS_ChallengeUITests" */;
			buildPhases = (
				9E17C0E8A71A1BD6AB88B9D0 /* [CP] Check Pods Manifest.lock */,
				A4746D092E37ADAD007743B3 /* Sources */,
				A4746D0A2E37ADAD007743B3 /* Frameworks */,
				A4746D0B2E37ADAD007743B3 /* Resources */,
				51B030AF1C2C3DFE0D7C40AB /* [CP] Embed Pods Frameworks */,
			);
			buildRules = (
			);
			dependencies = (
				A4746D0F2E37ADAD007743B3 /* PBXTargetDependency */,
			);
			name = iOS_ChallengeUITests;
			productName = iOS_ChallengeUITests;
			productReference = A4746D0D2E37ADAD007743B3 /* iOS_ChallengeUITests.xctest */;
			productType = "com.apple.product-type.bundle.ui-testing";
		};
/* End PBXNativeTarget section */

/* Begin PBXProject section */
		A4746CE52E37ADAA007743B3 /* Project object */ = {
			isa = PBXProject;
			attributes = {
				BuildIndependentTargetsInParallel = 1;
				LastSwiftUpdateCheck = 1640;
				LastUpgradeCheck = 1640;
				TargetAttributes = {
					A4746CEC2E37ADAA007743B3 = {
						CreatedOnToolsVersion = 16.4;
					};
					A4746D022E37ADAD007743B3 = {
						CreatedOnToolsVersion = 16.4;
						TestTargetID = A4746CEC2E37ADAA007743B3;
					};
					A4746D0C2E37ADAD007743B3 = {
						CreatedOnToolsVersion = 16.4;
						TestTargetID = A4746CEC2E37ADAA007743B3;
					};
				};
			};
			buildConfigurationList = A4746CE82E37ADAA007743B3 /* Build configuration list for PBXProject "iOS_Challenge" */;
			developmentRegion = en;
			hasScannedForEncodings = 0;
			knownRegions = (
				en,
				Base,
			);
			mainGroup = A4746CE42E37ADAA007743B3;
			minimizedProjectReferenceProxies = 1;
			preferredProjectObjectVersion = 77;
			productRefGroup = A4746CEE2E37ADAA007743B3 /* Products */;
			projectDirPath = "";
			projectRoot = "";
			targets = (
				A4746CEC2E37ADAA007743B3 /* iOS_Challenge */,
				A4746D022E37ADAD007743B3 /* iOS_ChallengeTests */,
				A4746D0C2E37ADAD007743B3 /* iOS_ChallengeUITests */,
			);
		};
/* End PBXProject section */

/* Begin PBXResourcesBuildPhase section */
		A4746CEB2E37ADAA007743B3 /* Resources */ = {
			isa = PBXResourcesBuildPhase;
			buildActionMask = 2147483647;
			files = (
				A4746D5C2E37BC95007743B3 /* LaunchScreen.storyboard in Resources */,
				A4746DBE2E37BD75007743B3 /* TopAlert.xib in Resources */,
				A4746E432E37C860007743B3 /* MovieDetailsView.xib in Resources */,
				A4746E442E37C860007743B3 /* NowPlayingMoviesView.xib in Resources */,
				A4746E452E37C860007743B3 /* NowPlayingMoviesCell.xib in Resources */,
				A4746E462E37C860007743B3 /* PopularMoviesCell.xib in Resources */,
				A4746E472E37C860007743B3 /* GenresCell.xib in Resources */,
				A4746E482E37C860007743B3 /* PopularMoviesView.xib in Resources */,
				A4746E492E37C860007743B3 /* UpcomingMoviesCell.xib in Resources */,
				A4746E4A2E37C860007743B3 /* UpcomingMoviesView.xib in Resources */,
				A4746DBF2E37BD75007743B3 /* Assets.xcassets in Resources */,
				A4746DC02E37BD75007743B3 /* LoaderView.xib in Resources */,
			);
			runOnlyForDeploymentPostprocessing = 0;
		};
		A4746D012E37ADAD007743B3 /* Resources */ = {
			isa = PBXResourcesBuildPhase;
			buildActionMask = 2147483647;
			files = (
			);
			runOnlyForDeploymentPostprocessing = 0;
		};
		A4746D0B2E37ADAD007743B3 /* Resources */ = {
			isa = PBXResourcesBuildPhase;
			buildActionMask = 2147483647;
			files = (
			);
			runOnlyForDeploymentPostprocessing = 0;
		};
/* End PBXResourcesBuildPhase section */

/* Begin PBXShellScriptBuildPhase section */
		51B030AF1C2C3DFE0D7C40AB /* [CP] Embed Pods Frameworks */ = {
			isa = PBXShellScriptBuildPhase;
			buildActionMask = 2147483647;
			files = (
			);
			inputFileListPaths = (
				"${PODS_ROOT}/Target Support Files/Pods-iOS_Challenge-iOS_ChallengeUITests/Pods-iOS_Challenge-iOS_ChallengeUITests-frameworks-${CONFIGURATION}-input-files.xcfilelist",
			);
			inputPaths = (
			);
			name = "[CP] Embed Pods Frameworks";
			outputFileListPaths = (
				"${PODS_ROOT}/Target Support Files/Pods-iOS_Challenge-iOS_ChallengeUITests/Pods-iOS_Challenge-iOS_ChallengeUITests-frameworks-${CONFIGURATION}-output-files.xcfilelist",
			);
			outputPaths = (
			);
			runOnlyForDeploymentPostprocessing = 0;
			shellPath = /bin/sh;
			shellScript = "\"${PODS_ROOT}/Target Support Files/Pods-iOS_Challenge-iOS_ChallengeUITests/Pods-iOS_Challenge-iOS_ChallengeUITests-frameworks.sh\"\n";
			showEnvVarsInLog = 0;
		};
		68D626CA8816A705B83AF478 /* [CP] Check Pods Manifest.lock */ = {
			isa = PBXShellScriptBuildPhase;
			buildActionMask = 2147483647;
			files = (
			);
			inputFileListPaths = (
			);
			inputPaths = (
				"${PODS_PODFILE_DIR_PATH}/Podfile.lock",
				"${PODS_ROOT}/Manifest.lock",
			);
			name = "[CP] Check Pods Manifest.lock";
			outputFileListPaths = (
			);
			outputPaths = (
				"$(DERIVED_FILE_DIR)/Pods-iOS_Challenge-checkManifestLockResult.txt",
			);
			runOnlyForDeploymentPostprocessing = 0;
			shellPath = /bin/sh;
			shellScript = "diff \"${PODS_PODFILE_DIR_PATH}/Podfile.lock\" \"${PODS_ROOT}/Manifest.lock\" > /dev/null\nif [ $? != 0 ] ; then\n    # print error to STDERR\n    echo \"error: The sandbox is not in sync with the Podfile.lock. Run 'pod install' or update your CocoaPods installation.\" >&2\n    exit 1\nfi\n# This output is used by Xcode 'outputs' to avoid re-running this script phase.\necho \"SUCCESS\" > \"${SCRIPT_OUTPUT_FILE_0}\"\n";
			showEnvVarsInLog = 0;
		};
		9E17C0E8A71A1BD6AB88B9D0 /* [CP] Check Pods Manifest.lock */ = {
			isa = PBXShellScriptBuildPhase;
			buildActionMask = 2147483647;
			files = (
			);
			inputFileListPaths = (
			);
			inputPaths = (
				"${PODS_PODFILE_DIR_PATH}/Podfile.lock",
				"${PODS_ROOT}/Manifest.lock",
			);
			name = "[CP] Check Pods Manifest.lock";
			outputFileListPaths = (
			);
			outputPaths = (
				"$(DERIVED_FILE_DIR)/Pods-iOS_Challenge-iOS_ChallengeUITests-checkManifestLockResult.txt",
			);
			runOnlyForDeploymentPostprocessing = 0;
			shellPath = /bin/sh;
			shellScript = "diff \"${PODS_PODFILE_DIR_PATH}/Podfile.lock\" \"${PODS_ROOT}/Manifest.lock\" > /dev/null\nif [ $? != 0 ] ; then\n    # print error to STDERR\n    echo \"error: The sandbox is not in sync with the Podfile.lock. Run 'pod install' or update your CocoaPods installation.\" >&2\n    exit 1\nfi\n# This output is used by Xcode 'outputs' to avoid re-running this script phase.\necho \"SUCCESS\" > \"${SCRIPT_OUTPUT_FILE_0}\"\n";
			showEnvVarsInLog = 0;
		};
		A0E812E4727643B13314957A /* [CP] Check Pods Manifest.lock */ = {
			isa = PBXShellScriptBuildPhase;
			buildActionMask = 2147483647;
			files = (
			);
			inputFileListPaths = (
			);
			inputPaths = (
				"${PODS_PODFILE_DIR_PATH}/Podfile.lock",
				"${PODS_ROOT}/Manifest.lock",
			);
			name = "[CP] Check Pods Manifest.lock";
			outputFileListPaths = (
			);
			outputPaths = (
				"$(DERIVED_FILE_DIR)/Pods-iOS_ChallengeTests-checkManifestLockResult.txt",
			);
			runOnlyForDeploymentPostprocessing = 0;
			shellPath = /bin/sh;
			shellScript = "diff \"${PODS_PODFILE_DIR_PATH}/Podfile.lock\" \"${PODS_ROOT}/Manifest.lock\" > /dev/null\nif [ $? != 0 ] ; then\n    # print error to STDERR\n    echo \"error: The sandbox is not in sync with the Podfile.lock. Run 'pod install' or update your CocoaPods installation.\" >&2\n    exit 1\nfi\n# This output is used by Xcode 'outputs' to avoid re-running this script phase.\necho \"SUCCESS\" > \"${SCRIPT_OUTPUT_FILE_0}\"\n";
			showEnvVarsInLog = 0;
		};
		DDB1B70FE4C5F025C60E2C45 /* [CP] Embed Pods Frameworks */ = {
			isa = PBXShellScriptBuildPhase;
			buildActionMask = 2147483647;
			files = (
			);
			inputFileListPaths = (
				"${PODS_ROOT}/Target Support Files/Pods-iOS_Challenge/Pods-iOS_Challenge-frameworks-${CONFIGURATION}-input-files.xcfilelist",
			);
			inputPaths = (
			);
			name = "[CP] Embed Pods Frameworks";
			outputFileListPaths = (
				"${PODS_ROOT}/Target Support Files/Pods-iOS_Challenge/Pods-iOS_Challenge-frameworks-${CONFIGURATION}-output-files.xcfilelist",
			);
			outputPaths = (
			);
			runOnlyForDeploymentPostprocessing = 0;
			shellPath = /bin/sh;
			shellScript = "\"${PODS_ROOT}/Target Support Files/Pods-iOS_Challenge/Pods-iOS_Challenge-frameworks.sh\"\n";
			showEnvVarsInLog = 0;
		};
		E23E816CE9D8BB1A8A5472C8 /* [CP] Embed Pods Frameworks */ = {
			isa = PBXShellScriptBuildPhase;
			buildActionMask = 2147483647;
			files = (
			);
			inputFileListPaths = (
				"${PODS_ROOT}/Target Support Files/Pods-iOS_ChallengeTests/Pods-iOS_ChallengeTests-frameworks-${CONFIGURATION}-input-files.xcfilelist",
			);
			inputPaths = (
			);
			name = "[CP] Embed Pods Frameworks";
			outputFileListPaths = (
				"${PODS_ROOT}/Target Support Files/Pods-iOS_ChallengeTests/Pods-iOS_ChallengeTests-frameworks-${CONFIGURATION}-output-files.xcfilelist",
			);
			outputPaths = (
			);
			runOnlyForDeploymentPostprocessing = 0;
			shellPath = /bin/sh;
			shellScript = "\"${PODS_ROOT}/Target Support Files/Pods-iOS_ChallengeTests/Pods-iOS_ChallengeTests-frameworks.sh\"\n";
			showEnvVarsInLog = 0;
		};
/* End PBXShellScriptBuildPhase section */

/* Begin PBXSourcesBuildPhase section */
		A4746CE92E37ADAA007743B3 /* Sources */ = {
			isa = PBXSourcesBuildPhase;
			buildActionMask = 2147483647;
			files = (
				A4746D9C2E37BD75007743B3 /* BaseResponse.swift in Sources */,
				A4746D9D2E37BD75007743B3 /* ResponseDecoder.swift in Sources */,
				A4746D9E2E37BD75007743B3 /* BaseViewModel.swift in Sources */,
				A4746D9F2E37BD75007743B3 /* UICollectionView.swift in Sources */,
				A4746DA02E37BD75007743B3 /* ShadowView.swift in Sources */,
				A4746DA12E37BD75007743B3 /* ClassNameProtocol.swift in Sources */,
				A4746DA22E37BD75007743B3 /* NetworkExecuter.swift in Sources */,
				A4746DA32E37BD75007743B3 /* Collection.swift in Sources */,
				A4746DA42E37BD75007743B3 /* LottieView.swift in Sources */,
				A4746DA52E37BD75007743B3 /* ResponseError.swift in Sources */,
				A4746DA62E37BD75007743B3 /* BaseNav.swift in Sources */,
				A4746DA72E37BD75007743B3 /* ServerResponseKey.swift in Sources */,
				A4746DA82E37BD75007743B3 /* LoaderManager.swift in Sources */,
				A4746DA92E37BD75007743B3 /* Publisher.swift in Sources */,
				A4746DAA2E37BD75007743B3 /* NetworkConstants.swift in Sources */,
				A4746DAB2E37BD75007743B3 /* LoaderView.swift in Sources */,
				A4746DAC2E37BD75007743B3 /* RequestHeader.swift in Sources */,
				A4746DAD2E37BD75007743B3 /* Typealias.swift in Sources */,
				A4746DAE2E37BD75007743B3 /* Reachability.swift in Sources */,
				A4746DAF2E37BD75007743B3 /* AppDelegate.swift in Sources */,
				A4746DB02E37BD75007743B3 /* TopAlert.swift in Sources */,
				A4746DB12E37BD75007743B3 /* DefaultNetworkExecuter.swift in Sources */,
				A4746DB22E37BD75007743B3 /* TableView.swift in Sources */,
				A4746DB32E37BD75007743B3 /* UploadData.swift in Sources */,
				A4746DB42E37BD75007743B3 /* UIImageView.swift in Sources */,
				A4746DB52E37BD75007743B3 /* SceneDelegate.swift in Sources */,
				A4746DB62E37BD75007743B3 /* NetworkReachability.swift in Sources */,
				A4746DB72E37BD75007743B3 /* BaseViewController.swift in Sources */,
				A4746DB82E37BD75007743B3 /* AlertManager.swift in Sources */,
				A4746DB92E37BD75007743B3 /* UserDefaults.swift in Sources */,
				A4746DBA2E37BD75007743B3 /* Requestable.swift in Sources */,
				A4746E2D2E37C860007743B3 /* UpcomingMoviesCell.swift in Sources */,
				A4746E2E2E37C860007743B3 /* AppTabBarController.swift in Sources */,
				A4746E2F2E37C860007743B3 /* NowPlayingMoviesCell.swift in Sources */,
				A4746E302E37C860007743B3 /* UpcomingNetwork.swift in Sources */,
				A4746E312E37C860007743B3 /* NowPlayingModel.swift in Sources */,
				A4746E322E37C860007743B3 /* NowPlayingMoviesView.swift in Sources */,
				A4746E332E37C860007743B3 /* UpcomingMoviesModel.swift in Sources */,
				A4746E342E37C860007743B3 /* PopularMoviesModel.swift in Sources */,
				A4746E352E37C860007743B3 /* MovieDetailsModel.swift in Sources */,
				A4746E362E37C860007743B3 /* UpcomingMoviesView.swift in Sources */,
				A4746E372E37C860007743B3 /* GenresCell.swift in Sources */,
				A4746E382E37C860007743B3 /* MovieDetailsViewModel.swift in Sources */,
				A4746E3A2E37C860007743B3 /* UpcomingMoviesViewModel.swift in Sources */,
				A4746E3B2E37C860007743B3 /* NowPlayingMoviesViewModel.swift in Sources */,
				A4746E3C2E37C860007743B3 /* PopularNetwork.swift in Sources */,
				A4746E3D2E37C860007743B3 /* PopularMoviesView.swift in Sources */,
				A4746E3E2E37C860007743B3 /* MovieDetailsNetwork.swift in Sources */,
				A4746E3F2E37C860007743B3 /* MovieDetailsView.swift in Sources */,
				A4746E402E37C860007743B3 /* NowPlayingNetwork.swift in Sources */,
				A4746E412E37C860007743B3 /* PopularMoviesCell.swift in Sources */,
				A4746E422E37C860007743B3 /* PopularMoviesViewModel.swift in Sources */,
				A4746DBB2E37BD75007743B3 /* ConnectionAlertManager.swift in Sources */,
				A4746DBC2E37BD75007743B3 /* Endpoint.swift in Sources */,
				A4746DBD2E37BD75007743B3 /* ResponseHandler.swift in Sources */,
			);
			runOnlyForDeploymentPostprocessing = 0;
		};
		A4746CFF2E37ADAD007743B3 /* Sources */ = {
			isa = PBXSourcesBuildPhase;
			buildActionMask = 2147483647;
			files = (
				A4746D602E37BC97007743B3 /* NowPlayingMoviesViewModelTests.swift in Sources */,
				A457DA302E38E6DF00C83C7A /* PopularMoviesViewModelTests.swift in Sources */,
			);
			runOnlyForDeploymentPostprocessing = 0;
		};
		A4746D092E37ADAD007743B3 /* Sources */ = {
			isa = PBXSourcesBuildPhase;
			buildActionMask = 2147483647;
			files = (
				A4746D642E37BC9A007743B3 /* iOS_ChallengeUITests.swift in Sources */,
				A4746D652E37BC9A007743B3 /* iOS_ChallengeUITestsLaunchTests.swift in Sources */,
			);
			runOnlyForDeploymentPostprocessing = 0;
		};
/* End PBXSourcesBuildPhase section */

/* Begin PBXTargetDependency section */
		A4746D052E37ADAD007743B3 /* PBXTargetDependency */ = {
			isa = PBXTargetDependency;
			target = A4746CEC2E37ADAA007743B3 /* iOS_Challenge */;
			targetProxy = A4746D042E37ADAD007743B3 /* PBXContainerItemProxy */;
		};
		A4746D0F2E37ADAD007743B3 /* PBXTargetDependency */ = {
			isa = PBXTargetDependency;
			target = A4746CEC2E37ADAA007743B3 /* iOS_Challenge */;
			targetProxy = A4746D0E2E37ADAD007743B3 /* PBXContainerItemProxy */;
		};
/* End PBXTargetDependency section */

/* Begin PBXVariantGroup section */
		A4746D512E37BC95007743B3 /* LaunchScreen.storyboard */ = {
			isa = PBXVariantGroup;
			children = (
				A4746D502E37BC95007743B3 /* Base */,
			);
			name = LaunchScreen.storyboard;
			sourceTree = "<group>";
		};
/* End PBXVariantGroup section */

/* Begin XCBuildConfiguration section */
		A4746D172E37ADAD007743B3 /* Debug */ = {
			isa = XCBuildConfiguration;
			baseConfigurationReference = 8D53DC5F3C08BF85C626091A /* Pods-iOS_Challenge.debug.xcconfig */;
			buildSettings = {
				ASSETCATALOG_COMPILER_APPICON_NAME = AppIcon;
				ASSETCATALOG_COMPILER_GLOBAL_ACCENT_COLOR_NAME = AccentColor;
				CODE_SIGN_STYLE = Automatic;
				CURRENT_PROJECT_VERSION = 1;
				GENERATE_INFOPLIST_FILE = YES;
				INFOPLIST_FILE = /Users/alaahassan/Desktop/iOS_Challenge/iOS_Challenge/Core/Info.plist;
				INFOPLIST_KEY_UIApplicationSupportsIndirectInputEvents = YES;
				INFOPLIST_KEY_UILaunchStoryboardName = LaunchScreen;
				INFOPLIST_KEY_UISupportedInterfaceOrientations_iPad = "UIInterfaceOrientationPortrait UIInterfaceOrientationPortraitUpsideDown UIInterfaceOrientationLandscapeLeft UIInterfaceOrientationLandscapeRight";
				INFOPLIST_KEY_UISupportedInterfaceOrientations_iPhone = "UIInterfaceOrientationPortrait UIInterfaceOrientationLandscapeLeft UIInterfaceOrientationLandscapeRight";
				LD_RUNPATH_SEARCH_PATHS = (
					"$(inherited)",
					"@executable_path/Frameworks",
				);
				MARKETING_VERSION = 1.0;
				PRODUCT_BUNDLE_IDENTIFIER = "iOS-Challenge.iOS-Challenge";
				PRODUCT_NAME = "$(TARGET_NAME)";
				SWIFT_EMIT_LOC_STRINGS = YES;
				SWIFT_VERSION = 5.0;
				TARGETED_DEVICE_FAMILY = "1,2";
			};
			name = Debug;
		};
		A4746D182E37ADAD007743B3 /* Release */ = {
			isa = XCBuildConfiguration;
			baseConfigurationReference = 3C5386ED57DA0BCBA689080A /* Pods-iOS_Challenge.release.xcconfig */;
			buildSettings = {
				ASSETCATALOG_COMPILER_APPICON_NAME = AppIcon;
				ASSETCATALOG_COMPILER_GLOBAL_ACCENT_COLOR_NAME = AccentColor;
				CODE_SIGN_STYLE = Automatic;
				CURRENT_PROJECT_VERSION = 1;
				GENERATE_INFOPLIST_FILE = YES;
				INFOPLIST_FILE = /Users/alaahassan/Desktop/iOS_Challenge/iOS_Challenge/Core/Info.plist;
				INFOPLIST_KEY_UIApplicationSupportsIndirectInputEvents = YES;
				INFOPLIST_KEY_UILaunchStoryboardName = LaunchScreen;
				INFOPLIST_KEY_UISupportedInterfaceOrientations_iPad = "UIInterfaceOrientationPortrait UIInterfaceOrientationPortraitUpsideDown UIInterfaceOrientationLandscapeLeft UIInterfaceOrientationLandscapeRight";
				INFOPLIST_KEY_UISupportedInterfaceOrientations_iPhone = "UIInterfaceOrientationPortrait UIInterfaceOrientationLandscapeLeft UIInterfaceOrientationLandscapeRight";
				LD_RUNPATH_SEARCH_PATHS = (
					"$(inherited)",
					"@executable_path/Frameworks",
				);
				MARKETING_VERSION = 1.0;
				PRODUCT_BUNDLE_IDENTIFIER = "iOS-Challenge.iOS-Challenge";
				PRODUCT_NAME = "$(TARGET_NAME)";
				SWIFT_EMIT_LOC_STRINGS = YES;
				SWIFT_VERSION = 5.0;
				TARGETED_DEVICE_FAMILY = "1,2";
			};
			name = Release;
		};
		A4746D192E37ADAD007743B3 /* Debug */ = {
			isa = XCBuildConfiguration;
			buildSettings = {
				ALWAYS_SEARCH_USER_PATHS = NO;
				ASSETCATALOG_COMPILER_GENERATE_SWIFT_ASSET_SYMBOL_EXTENSIONS = YES;
				CLANG_ANALYZER_NONNULL = YES;
				CLANG_ANALYZER_NUMBER_OBJECT_CONVERSION = YES_AGGRESSIVE;
				CLANG_CXX_LANGUAGE_STANDARD = "gnu++20";
				CLANG_ENABLE_MODULES = YES;
				CLANG_ENABLE_OBJC_ARC = YES;
				CLANG_ENABLE_OBJC_WEAK = YES;
				CLANG_WARN_BLOCK_CAPTURE_AUTORELEASING = YES;
				CLANG_WARN_BOOL_CONVERSION = YES;
				CLANG_WARN_COMMA = YES;
				CLANG_WARN_CONSTANT_CONVERSION = YES;
				CLANG_WARN_DEPRECATED_OBJC_IMPLEMENTATIONS = YES;
				CLANG_WARN_DIRECT_OBJC_ISA_USAGE = YES_ERROR;
				CLANG_WARN_DOCUMENTATION_COMMENTS = YES;
				CLANG_WARN_EMPTY_BODY = YES;
				CLANG_WARN_ENUM_CONVERSION = YES;
				CLANG_WARN_INFINITE_RECURSION = YES;
				CLANG_WARN_INT_CONVERSION = YES;
				CLANG_WARN_NON_LITERAL_NULL_CONVERSION = YES;
				CLANG_WARN_OBJC_IMPLICIT_RETAIN_SELF = YES;
				CLANG_WARN_OBJC_LITERAL_CONVERSION = YES;
				CLANG_WARN_OBJC_ROOT_CLASS = YES_ERROR;
				CLANG_WARN_QUOTED_INCLUDE_IN_FRAMEWORK_HEADER = YES;
				CLANG_WARN_RANGE_LOOP_ANALYSIS = YES;
				CLANG_WARN_STRICT_PROTOTYPES = YES;
				CLANG_WARN_SUSPICIOUS_MOVE = YES;
				CLANG_WARN_UNGUARDED_AVAILABILITY = YES_AGGRESSIVE;
				CLANG_WARN_UNREACHABLE_CODE = YES;
				CLANG_WARN__DUPLICATE_METHOD_MATCH = YES;
				COPY_PHASE_STRIP = NO;
				DEBUG_INFORMATION_FORMAT = dwarf;
				ENABLE_STRICT_OBJC_MSGSEND = YES;
				ENABLE_TESTABILITY = YES;
				ENABLE_USER_SCRIPT_SANDBOXING = NO;
				GCC_C_LANGUAGE_STANDARD = gnu17;
				GCC_DYNAMIC_NO_PIC = NO;
				GCC_NO_COMMON_BLOCKS = YES;
				GCC_OPTIMIZATION_LEVEL = 0;
				GCC_PREPROCESSOR_DEFINITIONS = (
					"DEBUG=1",
					"$(inherited)",
				);
				GCC_WARN_64_TO_32_BIT_CONVERSION = YES;
				GCC_WARN_ABOUT_RETURN_TYPE = YES_ERROR;
				GCC_WARN_UNDECLARED_SELECTOR = YES;
				GCC_WARN_UNINITIALIZED_AUTOS = YES_AGGRESSIVE;
				GCC_WARN_UNUSED_FUNCTION = YES;
				GCC_WARN_UNUSED_VARIABLE = YES;
				IPHONEOS_DEPLOYMENT_TARGET = 18.5;
				LOCALIZATION_PREFERS_STRING_CATALOGS = YES;
				MTL_ENABLE_DEBUG_INFO = INCLUDE_SOURCE;
				MTL_FAST_MATH = YES;
				ONLY_ACTIVE_ARCH = YES;
				SDKROOT = iphoneos;
				SWIFT_ACTIVE_COMPILATION_CONDITIONS = "DEBUG $(inherited)";
				SWIFT_OPTIMIZATION_LEVEL = "-Onone";
			};
			name = Debug;
		};
		A4746D1A2E37ADAD007743B3 /* Release */ = {
			isa = XCBuildConfiguration;
			buildSettings = {
				ALWAYS_SEARCH_USER_PATHS = NO;
				ASSETCATALOG_COMPILER_GENERATE_SWIFT_ASSET_SYMBOL_EXTENSIONS = YES;
				CLANG_ANALYZER_NONNULL = YES;
				CLANG_ANALYZER_NUMBER_OBJECT_CONVERSION = YES_AGGRESSIVE;
				CLANG_CXX_LANGUAGE_STANDARD = "gnu++20";
				CLANG_ENABLE_MODULES = YES;
				CLANG_ENABLE_OBJC_ARC = YES;
				CLANG_ENABLE_OBJC_WEAK = YES;
				CLANG_WARN_BLOCK_CAPTURE_AUTORELEASING = YES;
				CLANG_WARN_BOOL_CONVERSION = YES;
				CLANG_WARN_COMMA = YES;
				CLANG_WARN_CONSTANT_CONVERSION = YES;
				CLANG_WARN_DEPRECATED_OBJC_IMPLEMENTATIONS = YES;
				CLANG_WARN_DIRECT_OBJC_ISA_USAGE = YES_ERROR;
				CLANG_WARN_DOCUMENTATION_COMMENTS = YES;
				CLANG_WARN_EMPTY_BODY = YES;
				CLANG_WARN_ENUM_CONVERSION = YES;
				CLANG_WARN_INFINITE_RECURSION = YES;
				CLANG_WARN_INT_CONVERSION = YES;
				CLANG_WARN_NON_LITERAL_NULL_CONVERSION = YES;
				CLANG_WARN_OBJC_IMPLICIT_RETAIN_SELF = YES;
				CLANG_WARN_OBJC_LITERAL_CONVERSION = YES;
				CLANG_WARN_OBJC_ROOT_CLASS = YES_ERROR;
				CLANG_WARN_QUOTED_INCLUDE_IN_FRAMEWORK_HEADER = YES;
				CLANG_WARN_RANGE_LOOP_ANALYSIS = YES;
				CLANG_WARN_STRICT_PROTOTYPES = YES;
				CLANG_WARN_SUSPICIOUS_MOVE = YES;
				CLANG_WARN_UNGUARDED_AVAILABILITY = YES_AGGRESSIVE;
				CLANG_WARN_UNREACHABLE_CODE = YES;
				CLANG_WARN__DUPLICATE_METHOD_MATCH = YES;
				COPY_PHASE_STRIP = NO;
				DEBUG_INFORMATION_FORMAT = "dwarf-with-dsym";
				ENABLE_NS_ASSERTIONS = NO;
				ENABLE_STRICT_OBJC_MSGSEND = YES;
				ENABLE_USER_SCRIPT_SANDBOXING = NO;
				GCC_C_LANGUAGE_STANDARD = gnu17;
				GCC_NO_COMMON_BLOCKS = YES;
				GCC_WARN_64_TO_32_BIT_CONVERSION = YES;
				GCC_WARN_ABOUT_RETURN_TYPE = YES_ERROR;
				GCC_WARN_UNDECLARED_SELECTOR = YES;
				GCC_WARN_UNINITIALIZED_AUTOS = YES_AGGRESSIVE;
				GCC_WARN_UNUSED_FUNCTION = YES;
				GCC_WARN_UNUSED_VARIABLE = YES;
				IPHONEOS_DEPLOYMENT_TARGET = 18.5;
				LOCALIZATION_PREFERS_STRING_CATALOGS = YES;
				MTL_ENABLE_DEBUG_INFO = NO;
				MTL_FAST_MATH = YES;
				SDKROOT = iphoneos;
				SWIFT_COMPILATION_MODE = wholemodule;
				VALIDATE_PRODUCT = YES;
			};
			name = Release;
		};
		A4746D1C2E37ADAD007743B3 /* Debug */ = {
			isa = XCBuildConfiguration;
			baseConfigurationReference = FEB1FE668878730A8DF7F7C0 /* Pods-iOS_ChallengeTests.debug.xcconfig */;
			buildSettings = {
				BUNDLE_LOADER = "$(TEST_HOST)";
				CODE_SIGN_STYLE = Automatic;
				CURRENT_PROJECT_VERSION = 1;
				GENERATE_INFOPLIST_FILE = YES;
				IPHONEOS_DEPLOYMENT_TARGET = 18.5;
				MARKETING_VERSION = 1.0;
				PRODUCT_BUNDLE_IDENTIFIER = "iOS-Challenge.iOS-ChallengeTests";
				PRODUCT_NAME = "$(TARGET_NAME)";
				SWIFT_EMIT_LOC_STRINGS = NO;
				SWIFT_VERSION = 5.0;
				TARGETED_DEVICE_FAMILY = "1,2";
				TEST_HOST = "$(BUILT_PRODUCTS_DIR)/iOS_Challenge.app/$(BUNDLE_EXECUTABLE_FOLDER_PATH)/iOS_Challenge";
			};
			name = Debug;
		};
		A4746D1D2E37ADAD007743B3 /* Release */ = {
			isa = XCBuildConfiguration;
			baseConfigurationReference = 2EA475523F7971953247133E /* Pods-iOS_ChallengeTests.release.xcconfig */;
			buildSettings = {
				BUNDLE_LOADER = "$(TEST_HOST)";
				CODE_SIGN_STYLE = Automatic;
				CURRENT_PROJECT_VERSION = 1;
				GENERATE_INFOPLIST_FILE = YES;
				IPHONEOS_DEPLOYMENT_TARGET = 18.5;
				MARKETING_VERSION = 1.0;
				PRODUCT_BUNDLE_IDENTIFIER = "iOS-Challenge.iOS-ChallengeTests";
				PRODUCT_NAME = "$(TARGET_NAME)";
				SWIFT_EMIT_LOC_STRINGS = NO;
				SWIFT_VERSION = 5.0;
				TARGETED_DEVICE_FAMILY = "1,2";
				TEST_HOST = "$(BUILT_PRODUCTS_DIR)/iOS_Challenge.app/$(BUNDLE_EXECUTABLE_FOLDER_PATH)/iOS_Challenge";
			};
			name = Release;
		};
		A4746D1F2E37ADAD007743B3 /* Debug */ = {
			isa = XCBuildConfiguration;
			baseConfigurationReference = 8A36DD41B831D700CD2DC00F /* Pods-iOS_Challenge-iOS_ChallengeUITests.debug.xcconfig */;
			buildSettings = {
				CODE_SIGN_STYLE = Automatic;
				CURRENT_PROJECT_VERSION = 1;
				GENERATE_INFOPLIST_FILE = YES;
				MARKETING_VERSION = 1.0;
				PRODUCT_BUNDLE_IDENTIFIER = "iOS-Challenge.iOS-ChallengeUITests";
				PRODUCT_NAME = "$(TARGET_NAME)";
				SWIFT_EMIT_LOC_STRINGS = NO;
				SWIFT_VERSION = 5.0;
				TARGETED_DEVICE_FAMILY = "1,2";
				TEST_TARGET_NAME = iOS_Challenge;
			};
			name = Debug;
		};
		A4746D202E37ADAD007743B3 /* Release */ = {
			isa = XCBuildConfiguration;
			baseConfigurationReference = 230C0B8B7B2C27D04DC2B675 /* Pods-iOS_Challenge-iOS_ChallengeUITests.release.xcconfig */;
			buildSettings = {
				CODE_SIGN_STYLE = Automatic;
				CURRENT_PROJECT_VERSION = 1;
				GENERATE_INFOPLIST_FILE = YES;
				MARKETING_VERSION = 1.0;
				PRODUCT_BUNDLE_IDENTIFIER = "iOS-Challenge.iOS-ChallengeUITests";
				PRODUCT_NAME = "$(TARGET_NAME)";
				SWIFT_EMIT_LOC_STRINGS = NO;
				SWIFT_VERSION = 5.0;
				TARGETED_DEVICE_FAMILY = "1,2";
				TEST_TARGET_NAME = iOS_Challenge;
			};
			name = Release;
		};
/* End XCBuildConfiguration section */

/* Begin XCConfigurationList section */
		A4746CE82E37ADAA007743B3 /* Build configuration list for PBXProject "iOS_Challenge" */ = {
			isa = XCConfigurationList;
			buildConfigurations = (
				A4746D192E37ADAD007743B3 /* Debug */,
				A4746D1A2E37ADAD007743B3 /* Release */,
			);
			defaultConfigurationIsVisible = 0;
			defaultConfigurationName = Release;
		};
		A4746D162E37ADAD007743B3 /* Build configuration list for PBXNativeTarget "iOS_Challenge" */ = {
			isa = XCConfigurationList;
			buildConfigurations = (
				A4746D172E37ADAD007743B3 /* Debug */,
				A4746D182E37ADAD007743B3 /* Release */,
			);
			defaultConfigurationIsVisible = 0;
			defaultConfigurationName = Release;
		};
		A4746D1B2E37ADAD007743B3 /* Build configuration list for PBXNativeTarget "iOS_ChallengeTests" */ = {
			isa = XCConfigurationList;
			buildConfigurations = (
				A4746D1C2E37ADAD007743B3 /* Debug */,
				A4746D1D2E37ADAD007743B3 /* Release */,
			);
			defaultConfigurationIsVisible = 0;
			defaultConfigurationName = Release;
		};
		A4746D1E2E37ADAD007743B3 /* Build configuration list for PBXNativeTarget "iOS_ChallengeUITests" */ = {
			isa = XCConfigurationList;
			buildConfigurations = (
				A4746D1F2E37ADAD007743B3 /* Debug */,
				A4746D202E37ADAD007743B3 /* Release */,
			);
			defaultConfigurationIsVisible = 0;
			defaultConfigurationName = Release;
		};
/* End XCConfigurationList section */
	};
	rootObject = A4746CE52E37ADAA007743B3 /* Project object */;
}
